
Microsoft Visual Studio Solution File, Format Version 12.00
# Visual Studio Version 17
VisualStudioVersion = 17.1.32228.430
MinimumVisualStudioVersion = 10.0.40219.1
Project("{FAE04EC0-301F-11D3-BF4B-00C04F79EFBC}") = "Hastane_Proje", "Hastane_Proje\Hastane_Proje.csproj", "{9D786C96-1BB1-4CB8-A300-577AE0FD146B}"
EndProject
Global
	GlobalSection(SolutionConfigurationPlatforms) = preSolution
		Debug|Any CPU = Debug|Any CPU
		Release|Any CPU = Release|Any CPU
	EndGlobalSection
	GlobalSection(ProjectConfigurationPlatforms) = postSolution
		{9D786C96-1BB1-4CB8-A300-577AE0FD146B}.Debug|Any CPU.ActiveCfg = Debug|Any CPU
		{9D786C96-1BB1-4CB8-A300-577AE0FD146B}.Debug|Any CPU.Build.0 = Debug|Any CPU
		{9D786C96-1BB1-4CB8-A300-577AE0FD146B}.Release|Any CPU.ActiveCfg = Release|Any CPU
		{9D786C96-1BB1-4CB8-A300-577AE0FD146B}.Release|Any CPU.Build.0 = Release|Any CPU
	EndGlobalSection
	GlobalSection(SolutionProperties) = preSolution
		HideSolutionNode = FALSE
	EndGlobalSection
	GlobalSection(ExtensibilityGlobals) = postSolution
		SolutionGuid = {63C0FBE1-9E06-42B3-8AA2-2F757164AB36}
	EndGlobalSection
EndGlobal
